
Microsoft Visual Studio Solution File, Format Version 12.00
# Visual Studio Version 17
VisualStudioVersion = 17.0.31903.59
MinimumVisualStudioVersion = 10.0.40219.1
Project("{2150E333-8FDC-42A3-9474-1A3956D46DE8}") = "src", "src", "{52C79DBA-D3B1-4743-A272-A76463308C4D}"
EndProject
Project("{2150E333-8FDC-42A3-9474-1A3956D46DE8}") = "First", "First", "{451D9268-66E2-4C8B-9967-CEE99AD27C13}"
EndProject
Project("{FAE04EC0-301F-11D3-BF4B-00C04F79EFBC}") = "One", "src\First\one\One.csproj", "{A7CFBECF-C251-430D-B6C8-8562B4DFDB56}"
EndProject
Project("{FAE04EC0-301F-11D3-BF4B-00C04F79EFBC}") = "Two", "src\First\two\Two.csproj", "{6C9184AF-CBC3-4EB7-857F-30AA287CF2DC}"
EndProject
Project("{FAE04EC0-301F-11D3-BF4B-00C04F79EFBC}") = "Three", "src\First\three\Three.csproj", "{BC3CA8CF-47C1-4940-B385-4AB811F84BA2}"
EndProject
Project("{FAE04EC0-301F-11D3-BF4B-00C04F79EFBC}") = "Second", "src\Second\Second.csproj", "{6E2472E9-A4FD-4813-8CAA-79229FBFD2CF}"
EndProject
Global
	GlobalSection(SolutionConfigurationPlatforms) = preSolution
		Debug|Any CPU = Debug|Any CPU
		Release|Any CPU = Release|Any CPU
	EndGlobalSection
	GlobalSection(SolutionProperties) = preSolution
		HideSolutionNode = FALSE
	EndGlobalSection
	GlobalSection(ProjectConfigurationPlatforms) = postSolution
		{A7CFBECF-C251-430D-B6C8-8562B4DFDB56}.Debug|Any CPU.ActiveCfg = Debug|Any CPU
		{A7CFBECF-C251-430D-B6C8-8562B4DFDB56}.Debug|Any CPU.Build.0 = Debug|Any CPU
		{A7CFBECF-C251-430D-B6C8-8562B4DFDB56}.Release|Any CPU.ActiveCfg = Release|Any CPU
		{A7CFBECF-C251-430D-B6C8-8562B4DFDB56}.Release|Any CPU.Build.0 = Release|Any CPU
		{6C9184AF-CBC3-4EB7-857F-30AA287CF2DC}.Debug|Any CPU.ActiveCfg = Debug|Any CPU
		{6C9184AF-CBC3-4EB7-857F-30AA287CF2DC}.Debug|Any CPU.Build.0 = Debug|Any CPU
		{6C9184AF-CBC3-4EB7-857F-30AA287CF2DC}.Release|Any CPU.ActiveCfg = Release|Any CPU
		{6C9184AF-CBC3-4EB7-857F-30AA287CF2DC}.Release|Any CPU.Build.0 = Release|Any CPU
		{BC3CA8CF-47C1-4940-B385-4AB811F84BA2}.Debug|Any CPU.ActiveCfg = Debug|Any CPU
		{BC3CA8CF-47C1-4940-B385-4AB811F84BA2}.Debug|Any CPU.Build.0 = Debug|Any CPU
		{BC3CA8CF-47C1-4940-B385-4AB811F84BA2}.Release|Any CPU.ActiveCfg = Release|Any CPU
		{BC3CA8CF-47C1-4940-B385-4AB811F84BA2}.Release|Any CPU.Build.0 = Release|Any CPU
		{6E2472E9-A4FD-4813-8CAA-79229FBFD2CF}.Debug|Any CPU.ActiveCfg = Debug|Any CPU
		{6E2472E9-A4FD-4813-8CAA-79229FBFD2CF}.Debug|Any CPU.Build.0 = Debug|Any CPU
		{6E2472E9-A4FD-4813-8CAA-79229FBFD2CF}.Release|Any CPU.ActiveCfg = Release|Any CPU
		{6E2472E9-A4FD-4813-8CAA-79229FBFD2CF}.Release|Any CPU.Build.0 = Release|Any CPU
	EndGlobalSection
	GlobalSection(NestedProjects) = preSolution
		{451D9268-66E2-4C8B-9967-CEE99AD27C13} = {52C79DBA-D3B1-4743-A272-A76463308C4D}
		{A7CFBECF-C251-430D-B6C8-8562B4DFDB56} = {451D9268-66E2-4C8B-9967-CEE99AD27C13}
		{6C9184AF-CBC3-4EB7-857F-30AA287CF2DC} = {451D9268-66E2-4C8B-9967-CEE99AD27C13}
		{BC3CA8CF-47C1-4940-B385-4AB811F84BA2} = {451D9268-66E2-4C8B-9967-CEE99AD27C13}
		{6E2472E9-A4FD-4813-8CAA-79229FBFD2CF} = {52C79DBA-D3B1-4743-A272-A76463308C4D}
	EndGlobalSection
EndGlobal
